
Microsoft Visual Studio Solution File, Format Version 12.00
# Visual Studio 15
VisualStudioVersion = 15.0.26730.16
MinimumVisualStudioVersion = 10.0.40219.1
Project("{8BC9CEB8-8B4A-11D0-8D11-00A0C91BC942}") = "lualib", "lualib\lualib.vcxproj", "{9F84E0A3-1C2A-4714-8830-B4EDCA1A4D27}"
EndProject
Project("{8BC9CEB8-8B4A-11D0-8D11-00A0C91BC942}") = "luaexe", "luaexe\luaexe.vcxproj", "{BE3106F6-78A7-4DA6-B2E3-E5D526C3C6FF}"
	ProjectSection(ProjectDependencies) = postProject
		{9F84E0A3-1C2A-4714-8830-B4EDCA1A4D27} = {9F84E0A3-1C2A-4714-8830-B4EDCA1A4D27}
	EndProjectSection
EndProject
Project("{8BC9CEB8-8B4A-11D0-8D11-00A0C91BC942}") = "luasocket_socket", "luasocket_socket\luasocket_socket.vcxproj", "{5B87F3BF-F713-4A1B-BD5F-EF5E794FC5C7}"
	ProjectSection(ProjectDependencies) = postProject
		{9F84E0A3-1C2A-4714-8830-B4EDCA1A4D27} = {9F84E0A3-1C2A-4714-8830-B4EDCA1A4D27}
	EndProjectSection
EndProject
Project("{8BC9CEB8-8B4A-11D0-8D11-00A0C91BC942}") = "luasocket_mime", "luasocket_mime\luasocket_mime.vcxproj", "{DE78D63C-3365-47DC-A819-C895B67C14EA}"
	ProjectSection(ProjectDependencies) = postProject
		{9F84E0A3-1C2A-4714-8830-B4EDCA1A4D27} = {9F84E0A3-1C2A-4714-8830-B4EDCA1A4D27}
	EndProjectSection
EndProject
Project("{8BC9CEB8-8B4A-11D0-8D11-00A0C91BC942}") = "sqlite3_lib", "sqlite3_lib\sqlite3_lib.vcxproj", "{83240A16-6E43-4889-8591-E0402A045D6D}"
EndProject
Project("{8BC9CEB8-8B4A-11D0-8D11-00A0C91BC942}") = "sqlite3_shell", "sqlite3_shell\sqlite3_shell.vcxproj", "{6E4548C6-0172-44D6-898D-BA3AE6D0B51E}"
	ProjectSection(ProjectDependencies) = postProject
		{83240A16-6E43-4889-8591-E0402A045D6D} = {83240A16-6E43-4889-8591-E0402A045D6D}
	EndProjectSection
EndProject
Project("{8BC9CEB8-8B4A-11D0-8D11-00A0C91BC942}") = "luasql_sqlite3", "luasql_sqlite3\luasql_sqlite3.vcxproj", "{52FFAC1B-43CE-4ABE-8756-223976F07DE5}"
	ProjectSection(ProjectDependencies) = postProject
		{83240A16-6E43-4889-8591-E0402A045D6D} = {83240A16-6E43-4889-8591-E0402A045D6D}
		{9F84E0A3-1C2A-4714-8830-B4EDCA1A4D27} = {9F84E0A3-1C2A-4714-8830-B4EDCA1A4D27}
	EndProjectSection
EndProject
Global
	GlobalSection(SolutionConfigurationPlatforms) = preSolution
		Debug|x64 = Debug|x64
		Release|x64 = Release|x64
	EndGlobalSection
	GlobalSection(ProjectConfigurationPlatforms) = postSolution
		{9F84E0A3-1C2A-4714-8830-B4EDCA1A4D27}.Debug|x64.ActiveCfg = Debug|x64
		{9F84E0A3-1C2A-4714-8830-B4EDCA1A4D27}.Debug|x64.Build.0 = Debug|x64
		{9F84E0A3-1C2A-4714-8830-B4EDCA1A4D27}.Release|x64.ActiveCfg = Release|x64
		{9F84E0A3-1C2A-4714-8830-B4EDCA1A4D27}.Release|x64.Build.0 = Release|x64
		{BE3106F6-78A7-4DA6-B2E3-E5D526C3C6FF}.Debug|x64.ActiveCfg = Debug|x64
		{BE3106F6-78A7-4DA6-B2E3-E5D526C3C6FF}.Debug|x64.Build.0 = Debug|x64
		{BE3106F6-78A7-4DA6-B2E3-E5D526C3C6FF}.Debug|x64.Deploy.0 = Debug|x64
		{BE3106F6-78A7-4DA6-B2E3-E5D526C3C6FF}.Release|x64.ActiveCfg = Release|x64
		{BE3106F6-78A7-4DA6-B2E3-E5D526C3C6FF}.Release|x64.Build.0 = Release|x64
		{5B87F3BF-F713-4A1B-BD5F-EF5E794FC5C7}.Debug|x64.ActiveCfg = Debug|x64
		{5B87F3BF-F713-4A1B-BD5F-EF5E794FC5C7}.Debug|x64.Build.0 = Debug|x64
		{5B87F3BF-F713-4A1B-BD5F-EF5E794FC5C7}.Release|x64.ActiveCfg = Release|x64
		{5B87F3BF-F713-4A1B-BD5F-EF5E794FC5C7}.Release|x64.Build.0 = Release|x64
		{DE78D63C-3365-47DC-A819-C895B67C14EA}.Debug|x64.ActiveCfg = Debug|x64
		{DE78D63C-3365-47DC-A819-C895B67C14EA}.Debug|x64.Build.0 = Debug|x64
		{DE78D63C-3365-47DC-A819-C895B67C14EA}.Release|x64.ActiveCfg = Release|x64
		{DE78D63C-3365-47DC-A819-C895B67C14EA}.Release|x64.Build.0 = Release|x64
		{83240A16-6E43-4889-8591-E0402A045D6D}.Debug|x64.ActiveCfg = Debug|x64
		{83240A16-6E43-4889-8591-E0402A045D6D}.Debug|x64.Build.0 = Debug|x64
		{83240A16-6E43-4889-8591-E0402A045D6D}.Release|x64.ActiveCfg = Release|x64
		{83240A16-6E43-4889-8591-E0402A045D6D}.Release|x64.Build.0 = Release|x64
		{6E4548C6-0172-44D6-898D-BA3AE6D0B51E}.Debug|x64.ActiveCfg = Debug|x64
		{6E4548C6-0172-44D6-898D-BA3AE6D0B51E}.Debug|x64.Build.0 = Debug|x64
		{6E4548C6-0172-44D6-898D-BA3AE6D0B51E}.Release|x64.ActiveCfg = Release|x64
		{6E4548C6-0172-44D6-898D-BA3AE6D0B51E}.Release|x64.Build.0 = Release|x64
		{52FFAC1B-43CE-4ABE-8756-223976F07DE5}.Debug|x64.ActiveCfg = Debug|x64
		{52FFAC1B-43CE-4ABE-8756-223976F07DE5}.Debug|x64.Build.0 = Debug|x64
		{52FFAC1B-43CE-4ABE-8756-223976F07DE5}.Release|x64.ActiveCfg = Release|x64
		{52FFAC1B-43CE-4ABE-8756-223976F07DE5}.Release|x64.Build.0 = Release|x64
	EndGlobalSection
	GlobalSection(SolutionProperties) = preSolution
		HideSolutionNode = FALSE
	EndGlobalSection
	GlobalSection(ExtensibilityGlobals) = postSolution
		SolutionGuid = {698BCC49-DCAD-4AA5-B843-D9FF26CCF8C2}
	EndGlobalSection
EndGlobal
